
Microsoft Visual Studio Solution File, Format Version 12.00
# Visual Studio Version 17
VisualStudioVersion = 17.11.35219.272
MinimumVisualStudioVersion = 10.0.40219.1
Project("{8BC9CEB8-8B4A-11D0-8D11-00A0C91BC942}") = "Curso de C++ #17 - Comando de loop FOR", "Curso de C++ #17 - Comando de loop FOR.vcxproj", "{FFB02558-FA85-48C8-B848-4435C2A14D85}"
EndProject
Global
	GlobalSection(SolutionConfigurationPlatforms) = preSolution
		Debug|x64 = Debug|x64
		Debug|x86 = Debug|x86
		Release|x64 = Release|x64
		Release|x86 = Release|x86
	EndGlobalSection
	GlobalSection(ProjectConfigurationPlatforms) = postSolution
		{FFB02558-FA85-48C8-B848-4435C2A14D85}.Debug|x64.ActiveCfg = Debug|x64
		{FFB02558-FA85-48C8-B848-4435C2A14D85}.Debug|x64.Build.0 = Debug|x64
		{FFB02558-FA85-48C8-B848-4435C2A14D85}.Debug|x86.ActiveCfg = Debug|Win32
		{FFB02558-FA85-48C8-B848-4435C2A14D85}.Debug|x86.Build.0 = Debug|Win32
		{FFB02558-FA85-48C8-B848-4435C2A14D85}.Release|x64.ActiveCfg = Release|x64
		{FFB02558-FA85-48C8-B848-4435C2A14D85}.Release|x64.Build.0 = Release|x64
		{FFB02558-FA85-48C8-B848-4435C2A14D85}.Release|x86.ActiveCfg = Release|Win32
		{FFB02558-FA85-48C8-B848-4435C2A14D85}.Release|x86.Build.0 = Release|Win32
	EndGlobalSection
	GlobalSection(SolutionProperties) = preSolution
		HideSolutionNode = FALSE
	EndGlobalSection
	GlobalSection(ExtensibilityGlobals) = postSolution
		SolutionGuid = {2EF306F8-835B-444A-8752-00AF20B1219F}
	EndGlobalSection
EndGlobal
