
Microsoft Visual Studio Solution File, Format Version 12.00
# Visual Studio Version 17
VisualStudioVersion = 17.11.35219.272
MinimumVisualStudioVersion = 10.0.40219.1
Project("{8BC9CEB8-8B4A-11D0-8D11-00A0C91BC942}") = "Curso de C++ #14 - Comando de laço While", "Curso de C++ #14 - Comando de laço While.vcxproj", "{A976600B-B95F-46B0-89D5-36E8EAC34E22}"
EndProject
Global
	GlobalSection(SolutionConfigurationPlatforms) = preSolution
		Debug|x64 = Debug|x64
		Debug|x86 = Debug|x86
		Release|x64 = Release|x64
		Release|x86 = Release|x86
	EndGlobalSection
	GlobalSection(ProjectConfigurationPlatforms) = postSolution
		{A976600B-B95F-46B0-89D5-36E8EAC34E22}.Debug|x64.ActiveCfg = Debug|x64
		{A976600B-B95F-46B0-89D5-36E8EAC34E22}.Debug|x64.Build.0 = Debug|x64
		{A976600B-B95F-46B0-89D5-36E8EAC34E22}.Debug|x86.ActiveCfg = Debug|Win32
		{A976600B-B95F-46B0-89D5-36E8EAC34E22}.Debug|x86.Build.0 = Debug|Win32
		{A976600B-B95F-46B0-89D5-36E8EAC34E22}.Release|x64.ActiveCfg = Release|x64
		{A976600B-B95F-46B0-89D5-36E8EAC34E22}.Release|x64.Build.0 = Release|x64
		{A976600B-B95F-46B0-89D5-36E8EAC34E22}.Release|x86.ActiveCfg = Release|Win32
		{A976600B-B95F-46B0-89D5-36E8EAC34E22}.Release|x86.Build.0 = Release|Win32
	EndGlobalSection
	GlobalSection(SolutionProperties) = preSolution
		HideSolutionNode = FALSE
	EndGlobalSection
	GlobalSection(ExtensibilityGlobals) = postSolution
		SolutionGuid = {A9EB24EA-291A-40F6-81DC-505F470AAFA9}
	EndGlobalSection
EndGlobal
