
Microsoft Visual Studio Solution File, Format Version 12.00
# Visual Studio Version 17
VisualStudioVersion = 17.11.35219.272
MinimumVisualStudioVersion = 10.0.40219.1
Project("{8BC9CEB8-8B4A-11D0-8D11-00A0C91BC942}") = "Curso de C++ #13 - Comando Switch Case", "Curso de C++ #13 - Comando Switch Case.vcxproj", "{41D7D980-C432-4753-8AEF-78FCEE8F5B1F}"
EndProject
Global
	GlobalSection(SolutionConfigurationPlatforms) = preSolution
		Debug|x64 = Debug|x64
		Debug|x86 = Debug|x86
		Release|x64 = Release|x64
		Release|x86 = Release|x86
	EndGlobalSection
	GlobalSection(ProjectConfigurationPlatforms) = postSolution
		{41D7D980-C432-4753-8AEF-78FCEE8F5B1F}.Debug|x64.ActiveCfg = Debug|x64
		{41D7D980-C432-4753-8AEF-78FCEE8F5B1F}.Debug|x64.Build.0 = Debug|x64
		{41D7D980-C432-4753-8AEF-78FCEE8F5B1F}.Debug|x86.ActiveCfg = Debug|Win32
		{41D7D980-C432-4753-8AEF-78FCEE8F5B1F}.Debug|x86.Build.0 = Debug|Win32
		{41D7D980-C432-4753-8AEF-78FCEE8F5B1F}.Release|x64.ActiveCfg = Release|x64
		{41D7D980-C432-4753-8AEF-78FCEE8F5B1F}.Release|x64.Build.0 = Release|x64
		{41D7D980-C432-4753-8AEF-78FCEE8F5B1F}.Release|x86.ActiveCfg = Release|Win32
		{41D7D980-C432-4753-8AEF-78FCEE8F5B1F}.Release|x86.Build.0 = Release|Win32
	EndGlobalSection
	GlobalSection(SolutionProperties) = preSolution
		HideSolutionNode = FALSE
	EndGlobalSection
	GlobalSection(ExtensibilityGlobals) = postSolution
		SolutionGuid = {78CECC22-E034-40DF-9CCF-E0F8950F533E}
	EndGlobalSection
EndGlobal
